{
  "lockfile_version": "1",
  "packages": {
    "claude-code@latest": {
      "last_modified": "2026-10-02T22:55:44Z",
      "resolved": "github:NixOS/nixpkgs/55ba7f49ef2962b42cbd126522b7df5f95037679#claude-code",
      "source": "devbox-search",
      "version": "2.1.287",
      "systems": {
        "aarch64-darwin": {
          "outputs": [
            {
              "name": "out",
              "path": "/nix/store/cxr08mp70qfdri50liixf1ai60bw7q9y-claude-code-2.1.287",
              "default": true
            }
          ],
          "store_path": "/nix/store/cxr08mp70qfdri50liixf1ai60bw7q9y-claude-code-2.1.287"
        },
        "aarch64-linux": {
          "outputs": [
            {
              "name": "out",
              "path": "/nix/store/81ihgnv695ffjy6p68dfzcr0l5zfg6y9-claude-code-2.1.287",
              "default": true
            }
          ],
          "store_path": "/nix/store/81ihgnv695ffjy6p68dfzcr0l5zfg6y9-claude-code-2.1.287"
        },
        "x86_64-linux": {
          "outputs": [
            {
              "name": "out",
              "path": "/nix/store/lks3lpn2s7jgilidk3j0x14mqhxxbrds-claude-code-2.1.287",
              "default": true
            }
          ],
          "store_path": "/nix/store/lks3lpn2s7jgilidk3j0x14mqhxxbrds-claude-code-2.1.287"
        }
      }
    },
    "codex@latest": {
      "last_modified": "2026-10-02T22:55:44Z",
      "resolved": "github:NixOS/nixpkgs/55ba7f49ef2962b42cbd126522b7df5f95037679#codex",
      "source": "devbox-search",
      "version": "0.160.0",
      "systems": {
        "aarch64-darwin": {
          "outputs": [
            {
              "name": "out",
              "path": "/nix/store/yhkyj72l486ffzsrjgv48pz0qb6kdl2g-codex-0.160.0",
              "default": true
            }
          ],
          "store_path": "/nix/store/yhkyj72l486ffzsrjgv48pz0qb6kdl2g-codex-0.160.0"
        },
        "aarch64-linux": {
          "outputs": [
            {
              "name": "out",
              "path": "/nix/store/v14hwiz0qix2rwrcyhyxggpacy22fpld-codex-0.160.0",
              "default": true
            }
          ],
          "store_path": "/nix/store/v14hwiz0qix2rwrcyhyxggpacy22fpld-codex-0.160.0"
        },
        "x86_64-linux": {
          "outputs": [
            {
              "name": "out",
              "path": "/nix/store/np442w66n363ydl8xp92lzkmdj5bih4a-codex-0.160.0",
              "default": true
            }
          ],
          "store_path": "/nix/store/np442w66n363ydl8xp92lzkmdj5bih4a-codex-0.160.0"
        }
      }
    },
    "curl@latest": {
      "last_modified": "2026-10-02T22:55:44Z",
      "resolved": "github:NixOS/nixpkgs/55ba7f49ef2962b42cbd126522b7df5f95037679#curl",
      "source": "devbox-search",
      "version": "8.22.0",
      "systems": {
        "aarch64-darwin": {
          "outputs": [
            {
              "name": "bin",
              "path": "/nix/store/mqqmx9iq09rpfc2nyjr7n7ny5abfw01c-curl-8.22.0-bin",
              "default": true
            },
            {
              "name": "man",
              "path": "/nix/store/9c3c2d8m8pk4dqiasg0kah4pidra4may-curl-8.22.0-man",
              "default": true
            },
            {
              "name": "dev",
              "path": "/nix/store/qdhck8lm021frd70ixahv7r9gsl2vwl9-curl-8.22.0-dev"
            },
            {
              "name": "devdoc",
              "path": "/nix/store/vy8kmv4d4al53k2qkvllms7ly01l5cj8-curl-8.22.0-devdoc"
            },
            {
              "name": "out",
              "path": "/nix/store/9cig144c2aidkgdn93zagrlz7im1i8j6-curl-8.22.0"
            }
          ],
          "store_path": "/nix/store/mqqmx9iq09rpfc2nyjr7n7ny5abfw01c-curl-8.22.0-bin"
        },
        "aarch64-linux": {
          "outputs": [
            {
              "name": "bin",
              "path": "/nix/store/8kdawibp3831l16sx890nmxjyxii2a8i-curl-8.22.0-bin",
              "default": true
            },
            {
              "name": "man",
              "path": "/nix/store/pkx6g62xshir1v7hqzns0x2ygzx1w60n-curl-8.22.0-man",
              "default": true
            },
            {
              "name": "debug",
              "path": "/nix/store/4kiq70ca99bwbjm4ibva16w074nhkh96-curl-8.22.0-debug"
            },
            {
              "name": "dev",
              "path": "/nix/store/l54xxyh3havpk0qwr0pdz4cdn0vrhjv3-curl-8.22.0-dev"
            },
            {
              "name": "devdoc",
              "path": "/nix/store/jz9zr90sg577pq1mqk2spw55xig2v47z-curl-8.22.0-devdoc"
            },
            {
              "name": "out",
              "path": "/nix/store/d05khq8gbpqw7ykgnjg8qixqyfa1idj5-curl-8.22.0"
            }
          ],
          "store_path": "/nix/store/8kdawibp3831l16sx890nmxjyxii2a8i-curl-8.22.0-bin"
        },
        "x86_64-linux": {
          "outputs": [
            {
              "name": "bin",
              "path": "/nix/store/5g20bqhw379iw2vp2jxwzzsf5n1gmh4h-curl-8.22.0-bin",
              "default": true
            },
            {
              "name": "man",
              "path": "/nix/store/q2yp5skwnsky7fxszdlz5kmy02ym20dy-curl-8.22.0-man",
              "default": true
            },
            {
              "name": "debug",
              "path": "/nix/store/5fmy1m4y9msw4gmx54w79f3w897lg037-curl-8.22.0-debug"
            },
            {
              "name": "dev",
              "path": "/nix/store/aph5dkajglxjn9642bp0h3x7cwzijr52-curl-8.22.0-dev"
            },
            {
              "name": "devdoc",
              "path": "/nix/store/bj2l8zd2pc6zaa5npkwnc31afbpvy6cz-curl-8.22.0-devdoc"
            },
            {
              "name": "out",
              "path": "/nix/store/36alc2mwna4nzf6djdj2hvh4w4r3cai5-curl-8.22.0"
            }
          ],
          "store_path": "/nix/store/5g20bqhw379iw2vp2jxwzzsf5n1gmh4h-curl-8.22.0-bin"
        }
      }
    },
    "gh@latest": {
      "last_modified": "2026-10-02T22:55:44Z",
      "resolved": "github:NixOS/nixpkgs/55ba7f49ef2962b42cbd126522b7df5f95037679#gh",
      "source": "devbox-search",
      "version": "2.102.0",
      "systems": {
        "aarch64-darwin": {
          "outputs": [
            {
              "name": "out",
              "path": "/nix/store/mycijv4550jg5bp8334lf3vsd14fv0z2-gh-2.102.0",
              "default": true
            }
          ],
          "store_path": "/nix/store/mycijv4550jg5bp8334lf3vsd14fv0z2-gh-2.102.0"
        },
        "aarch64-linux": {
          "outputs": [
            {
              "name": "out",
              "path": "/nix/store/rlrivjqdqrsn18i05xs502g29d0r190k-gh-2.102.0",
              "default": true
            }
          ],
          "store_path": "/nix/store/rlrivjqdqrsn18i05xs502g29d0r190k-gh-2.102.0"
        },
        "x86_64-linux": {
          "outputs": [
            {
              "name": "out",
              "path": "/nix/store/xpy730cafcz4yxfkld96c9khcpq08kc2-gh-2.102.0",
              "default": true
            }
          ],
          "store_path": "/nix/store/xpy730cafcz4yxfkld96c9khcpq08kc2-gh-2.102.0"
        }
      }
    },
    "git@latest": {
      "last_modified": "2026-10-02T22:55:44Z",
      "resolved": "github:NixOS/nixpkgs/55ba7f49ef2962b42cbd126522b7df5f95037679#git",
      "source": "devbox-search",
      "version": "2.55.0",
      "systems": {
        "aarch64-darwin": {
          "outputs": [
            {
              "name": "out",
              "path": "/nix/store/gw7c7m0dwca5lg4152x9lpmxpj171bzw-git-2.55.0",
              "default": true
            },
            {
              "name": "doc",
              "path": "/nix/store/0f4p7kbl8hsdvynpk8n951bcbdx7qn3j-git-2.55.0-doc"
            }
          ],
          "store_path": "/nix/store/gw7c7m0dwca5lg4152x9lpmxpj171bzw-git-2.55.0"
        },
        "aarch64-linux": {
          "outputs": [
            {
              "name": "out",
              "path": "/nix/store/kj6aff4gmz3snpp35rl3gysbl9srd81a-git-2.55.0",
              "default": true
            },
            {
              "name": "debug",
              "path": "/nix/store/8l21kawpzlskyby6dhkjmdyamp34irpv-git-2.55.0-debug"
            },
            {
              "name": "doc",
              "path": "/nix/store/gzjmfgd110655anwlnj6qlj5ws8vacn2-git-2.55.0-doc"
            }
          ],
          "store_path": "/nix/store/kj6aff4gmz3snpp35rl3gysbl9srd81a-git-2.55.0"
        },
        "x86_64-linux": {
          "outputs": [
            {
              "name": "out",
              "path": "/nix/store/lg46w7hrjx7kylsh6645c9l975i8h43b-git-2.55.0",
              "default": true
            },
            {
              "name": "debug",
              "path": "/nix/store/jfnrrjgvhv0la9dpzb1yxg8bx2gf9aii-git-2.55.0-debug"
            },
            {
              "name": "doc",
              "path": "/nix/store/5f39kd6g3irac28rgk89yqwaamaj01rx-git-2.55.0-doc"
            }
          ],
          "store_path": "/nix/store/lg46w7hrjx7kylsh6645c9l975i8h43b-git-2.55.0"
        }
      }
    },
    "github:NixOS/nixpkgs/nixpkgs-unstable": {
      "last_modified": "2026-10-04T07:06:02Z",
      "resolved": "github:NixOS/nixpkgs/a322c65bf7233456788a9ebf03bc067db7dc090a?lastModified=1791097562&narHash=sha256-K9O9lG3UZNFCnwrz0ViWgP3Kgqukg1DvvzsrkFJfcvU%3D"
    },
    "gitleaks@latest": {
      "last_modified": "2026-10-02T22:55:44Z",
      "resolved": "github:NixOS/nixpkgs/55ba7f49ef2962b42cbd126522b7df5f95037679#gitleaks",
      "source": "devbox-search",
      "version": "8.30.1",
      "systems": {
        "aarch64-darwin": {
          "outputs": [
            {
              "name": "out",
              "path": "/nix/store/xya9ah03l0j4q2z2263iaxxvwmk3vmm5-gitleaks-8.30.1",
              "default": true
            }
          ],
          "store_path": "/nix/store/xya9ah03l0j4q2z2263iaxxvwmk3vmm5-gitleaks-8.30.1"
        },
        "aarch64-linux": {
          "outputs": [
            {
              "name": "out",
              "path": "/nix/store/m3k662p6dnspmyxyr7w330xrv71yc9qh-gitleaks-8.30.1",
              "default": true
            }
          ],
          "store_path": "/nix/store/m3k662p6dnspmyxyr7w330xrv71yc9qh-gitleaks-8.30.1"
        },
        "x86_64-darwin": {
          "outputs": [
            {
              "name": "out",
              "path": "/nix/store/v5x4dkl13y4nxhcaq4xmrwkidy44gv9p-gitleaks-8.30.1",
              "default": true
            }
          ],
          "store_path": "/nix/store/v5x4dkl13y4nxhcaq4xmrwkidy44gv9p-gitleaks-8.30.1"
        },
        "x86_64-linux": {
          "outputs": [
            {
              "name": "out",
              "path": "/nix/store/3k6vzgl1czix6ml8kkwwn1w7sd9v5nzf-gitleaks-8.30.1",
              "default": true
            }
          ],
          "store_path": "/nix/store/3k6vzgl1czix6ml8kkwwn1w7sd9v5nzf-gitleaks-8.30.1"
        }
      }
    },
    "goose-cli@latest": {
      "last_modified": "2026-10-02T22:55:44Z",
      "resolved": "github:NixOS/nixpkgs/55ba7f49ef2962b42cbd126522b7df5f95037679#goose-cli",
      "source": "devbox-search",
      "version": "1.49.0",
      "systems": {
        "aarch64-darwin": {
          "outputs": [
            {
              "name": "out",
              "path": "/nix/store/6as422kzwiwxssm0c3xxchknww0558ws-goose-cli-1.49.0",
              "default": true
            }
          ],
          "store_path": "/nix/store/6as422kzwiwxssm0c3xxchknww0558ws-goose-cli-1.49.0"
        },
        "aarch64-linux": {
          "outputs": [
            {
              "name": "out",
              "path": "/nix/store/az8ciqf2ckxa3vnh67f7ahmqwcc8hv85-goose-cli-1.49.0",
              "default": true
            }
          ],
          "store_path": "/nix/store/az8ciqf2ckxa3vnh67f7ahmqwcc8hv85-goose-cli-1.49.0"
        },
        "x86_64-linux": {
          "outputs": [
            {
              "name": "out",
              "path": "/nix/store/r5kxf0mm12f79ni2vsmwv40cxbifkfxm-goose-cli-1.49.0",
              "default": true
            }
          ],
          "store_path": "/nix/store/r5kxf0mm12f79ni2vsmwv40cxbifkfxm-goose-cli-1.49.0"
        }
      }
    },
    "jq@latest": {
      "last_modified": "2026-10-02T22:55:44Z",
      "resolved": "github:NixOS/nixpkgs/55ba7f49ef2962b42cbd126522b7df5f95037679#jq",
      "source": "devbox-search",
      "version": "1.8.2",
      "systems": {
        "aarch64-darwin": {
          "outputs": [
            {
              "name": "bin",
              "path": "/nix/store/wm7v59a2lhj1w2k8jz53spcs1iizm9lv-jq-1.8.2-bin",
              "default": true
            },
            {
              "name": "man",
              "path": "/nix/store/dnn7q9pwfzrzqvdvw2skrf2rv8sg2jp9-jq-1.8.2-man",
              "default": true
            },
            {
              "name": "dev",
              "path": "/nix/store/04msnqzxb42m9j2mmzdwks0dzwwsii31-jq-1.8.2-dev"
            },
            {
              "name": "doc",
              "path": "/nix/store/1bd9hqy7vqpzvwy41py8sz4wjaz8vsg3-jq-1.8.2-doc"
            },
            {
              "name": "out",
              "path": "/nix/store/jwg9h7xv46zgl4lmrgsdpgvy01rda7lv-jq-1.8.2"
            }
          ],
          "store_path": "/nix/store/wm7v59a2lhj1w2k8jz53spcs1iizm9lv-jq-1.8.2-bin"
        },
        "aarch64-linux": {
          "outputs": [
            {
              "name": "bin",
              "path": "/nix/store/kr5py0dcqc9f3l9148qd1axh0z77lld3-jq-1.8.2-bin",
              "default": true
            },
            {
              "name": "man",
              "path": "/nix/store/3dk5p8ydxv92px9q2y5vgq3gzl26vdxy-jq-1.8.2-man",
              "default": true
            },
            {
              "name": "dev",
              "path": "/nix/store/i7jmmf6qhg4qvnqyvwizz0f7h43m5jqg-jq-1.8.2-dev"
            },
            {
              "name": "doc",
              "path": "/nix/store/c1c6ciln60mr4q8pa467dp4b8cgrrbsf-jq-1.8.2-doc"
            },
            {
              "name": "out",
              "path": "/nix/store/w6gz3cg3bqkbmkvry3hkf0fnbfa9kgd6-jq-1.8.2"
            }
          ],
          "store_path": "/nix/store/kr5py0dcqc9f3l9148qd1axh0z77lld3-jq-1.8.2-bin"
        },
        "x86_64-linux": {
          "outputs": [
            {
              "name": "bin",
              "path": "/nix/store/m3y7hqmy20nd1ps6qy8410a326255bf0-jq-1.8.2-bin",
              "default": true
            },
            {
              "name": "man",
              "path": "/nix/store/gpc36qrvyhyqb6axmj1c0ivx74ni7d8d-jq-1.8.2-man",
              "default": true
            },
            {
              "name": "dev",
              "path": "/nix/store/96c4ibp3dbbw2sgnam50ikjdcyg8l3xr-jq-1.8.2-dev"
            },
            {
              "name": "doc",
              "path": "/nix/store/46i2m09761wx4r0yi7s434gsvc7kabl3-jq-1.8.2-doc"
            },
            {
              "name": "out",
              "path": "/nix/store/042fq58lpkzcshky0g3ccyaw49q067q7-jq-1.8.2"
            }
          ],
          "store_path": "/nix/store/m3y7hqmy20nd1ps6qy8410a326255bf0-jq-1.8.2-bin"
        }
      }
    },
    "kubectl@latest": {
      "last_modified": "2026-10-02T22:55:44Z",
      "resolved": "github:NixOS/nixpkgs/55ba7f49ef2962b42cbd126522b7df5f95037679#kubectl",
      "source": "devbox-search",
      "version": "1.37.1",
      "systems": {
        "aarch64-darwin": {
          "outputs": [
            {
              "name": "out",
              "path": "/nix/store/3n6hyhf1l8273gpwxavsvjf7fxdb3ni8-kubectl-1.37.1",
              "default": true
            },
            {
              "name": "man",
              "path": "/nix/store/xyskj4rbhvmhbp2hxidqniq7mmg6cv80-kubectl-1.37.1-man",
              "default": true
            },
            {
              "name": "convert",
              "path": "/nix/store/ijvacvbw865k8rnqw1w5i3s4r5dsmpck-kubectl-1.37.1-convert"
            }
          ],
          "store_path": "/nix/store/3n6hyhf1l8273gpwxavsvjf7fxdb3ni8-kubectl-1.37.1"
        },
        "aarch64-linux": {
          "outputs": [
            {
              "name": "out",
              "path": "/nix/store/dy7qlqvy4lbbiv2gv9ydikbi1jbfv8da-kubectl-1.37.1",
              "default": true
            },
            {
              "name": "man",
              "path": "/nix/store/fan3b0m8h37jn25spxi53c09imillpyx-kubectl-1.37.1-man",
              "default": true
            },
            {
              "name": "convert",
              "path": "/nix/store/yl1a9zmnnvn7hjpc0q189nqhmil5820j-kubectl-1.37.1-convert"
            }
          ],
          "store_path": "/nix/store/dy7qlqvy4lbbiv2gv9ydikbi1jbfv8da-kubectl-1.37.1"
        },
        "x86_64-linux": {
          "outputs": [
            {
              "name": "out",
              "path": "/nix/store/c15mh3pfsc06h8a0j9ca0lpc2454rry2-kubectl-1.37.1",
              "default": true
            },
            {
              "name": "man",
              "path": "/nix/store/hj764lhmvg7ryb0nx1cymc1qmqfsrah7-kubectl-1.37.1-man",
              "default": true
            },
            {
              "name": "convert",
              "path": "/nix/store/99w8sljqkswwhlmgvf4hwrdm84aqsahc-kubectl-1.37.1-convert"
            }
          ],
          "store_path": "/nix/store/c15mh3pfsc06h8a0j9ca0lpc2454rry2-kubectl-1.37.1"
        }
      }
    },
    "opencode@latest": {
      "last_modified": "2026-10-02T22:55:44Z",
      "resolved": "github:NixOS/nixpkgs/55ba7f49ef2962b42cbd126522b7df5f95037679#opencode",
      "source": "devbox-search",
      "version": "1.18.34",
      "systems": {
        "aarch64-darwin": {
          "outputs": [
            {
              "name": "out",
              "path": "/nix/store/nn6486kz0f4xy184lraxqqc5f93m9bkj-opencode-1.18.34",
              "default": true
            }
          ],
          "store_path": "/nix/store/nn6486kz0f4xy184lraxqqc5f93m9bkj-opencode-1.18.34"
        },
        "aarch64-linux": {
          "outputs": [
            {
              "name": "out",
              "path": "/nix/store/2j5qp7h0zgq6x2xk2n5jg8g24ms1asiq-opencode-1.18.34",
              "default": true
            }
          ],
          "store_path": "/nix/store/2j5qp7h0zgq6x2xk2n5jg8g24ms1asiq-opencode-1.18.34"
        },
        "x86_64-linux": {
          "outputs": [
            {
              "name": "out",
              "path": "/nix/store/r9h4yf302cgdmdygxp19dna9nwjbcjw1-opencode-1.18.34",
              "default": true
            }
          ],
          "store_path": "/nix/store/r9h4yf302cgdmdygxp19dna9nwjbcjw1-opencode-1.18.34"
        }
      }
    },
    "python@3.11": {
      "last_modified": "2026-10-02T22:55:44Z",
      "plugin_version": "0.0.5",
      "resolved": "github:NixOS/nixpkgs/55ba7f49ef2962b42cbd126522b7df5f95037679#python311",
      "source": "devbox-search",
      "version": "3.11.17",
      "systems": {
        "aarch64-darwin": {
          "outputs": [
            {
              "name": "out",
              "path": "/nix/store/qkh877dgks4wrr3ppzbkcj18bamcrcrk-python3-3.11.17",
              "default": true
            }
          ],
          "store_path": "/nix/store/qkh877dgks4wrr3ppzbkcj18bamcrcrk-python3-3.11.17"
        },
        "aarch64-linux": {
          "outputs": [
            {
              "name": "out",
              "path": "/nix/store/vvaaiflnqz7q4xhn67j6z1m7p75j28vj-python3-3.11.17",
              "default": true
            },
            {
              "name": "debug",
              "path": "/nix/store/84j205ipj6yj00kqsjxxqvd21hk0d341-python3-3.11.17-debug"
            }
          ],
          "store_path": "/nix/store/vvaaiflnqz7q4xhn67j6z1m7p75j28vj-python3-3.11.17"
        },
        "x86_64-linux": {
          "outputs": [
            {
              "name": "out",
              "path": "/nix/store/92nh78j17591c9gfcqlh1mh7byflpi62-python3-3.11.17",
              "default": true
            },
            {
              "name": "debug",
              "path": "/nix/store/yxwrhpsaqzq54yihpxdqqgz6558hxsp2-python3-3.11.17-debug"
            }
          ],
          "store_path": "/nix/store/92nh78j17591c9gfcqlh1mh7byflpi62-python3-3.11.17"
        }
      }
    },
    "ripgrep@latest": {
      "last_modified": "2026-10-02T22:55:44Z",
      "resolved": "github:NixOS/nixpkgs/55ba7f49ef2962b42cbd126522b7df5f95037679#ripgrep",
      "source": "devbox-search",
      "version": "15.2.0",
      "systems": {
        "aarch64-darwin": {
          "outputs": [
            {
              "name": "out",
              "path": "/nix/store/lw5h7x6kxqdx6m8wnsqjjzj6fd1i9x2j-ripgrep-15.2.0",
              "default": true
            }
          ],
          "store_path": "/nix/store/lw5h7x6kxqdx6m8wnsqjjzj6fd1i9x2j-ripgrep-15.2.0"
        },
        "aarch64-linux": {
          "outputs": [
            {
              "name": "out",
              "path": "/nix/store/knhpzwcavw3d68lcq14f71d4ag8ykgz1-ripgrep-15.2.0",
              "default": true
            }
          ],
          "store_path": "/nix/store/knhpzwcavw3d68lcq14f71d4ag8ykgz1-ripgrep-15.2.0"
        },
        "x86_64-linux": {
          "outputs": [
            {
              "name": "out",
              "path": "/nix/store/vli6118fdbngwy46j1w741ansmrzfszr-ripgrep-15.2.0",
              "default": true
            }
          ],
          "store_path": "/nix/store/vli6118fdbngwy46j1w741ansmrzfszr-ripgrep-15.2.0"
        }
      }
    },
    "s5cmd@latest": {
      "last_modified": "2026-10-02T22:55:44Z",
      "resolved": "github:NixOS/nixpkgs/55ba7f49ef2962b42cbd126522b7df5f95037679#s5cmd",
      "source": "devbox-search",
      "version": "2.3.0",
      "systems": {
        "aarch64-darwin": {
          "outputs": [
            {
              "name": "out",
              "path": "/nix/store/n1x3h4y3w6xhis3qsn61d9fhk2xkljb1-s5cmd-2.3.0",
              "default": true
            }
          ],
          "store_path": "/nix/store/n1x3h4y3w6xhis3qsn61d9fhk2xkljb1-s5cmd-2.3.0"
        },
        "aarch64-linux": {
          "outputs": [
            {
              "name": "out",
              "path": "/nix/store/ilah8j764imsc5p7912a20hyh1lrgzmq-s5cmd-2.3.0",
              "default": true
            }
          ],
          "store_path": "/nix/store/ilah8j764imsc5p7912a20hyh1lrgzmq-s5cmd-2.3.0"
        },
        "x86_64-darwin": {
          "outputs": [
            {
              "name": "out",
              "path": "/nix/store/k9395mklgxwz9130ak925cgj6d2g9wml-s5cmd-2.3.0",
              "default": true
            }
          ],
          "store_path": "/nix/store/k9395mklgxwz9130ak925cgj6d2g9wml-s5cmd-2.3.0"
        },
        "x86_64-linux": {
          "outputs": [
            {
              "name": "out",
              "path": "/nix/store/bln583k1n4rqwfpisyjxzkqdvni13g78-s5cmd-2.3.0",
              "default": true
            }
          ],
          "store_path": "/nix/store/bln583k1n4rqwfpisyjxzkqdvni13g78-s5cmd-2.3.0"
        }
      }
    },
    "uv@latest": {
      "last_modified": "2026-10-02T22:55:44Z",
      "resolved": "github:NixOS/nixpkgs/55ba7f49ef2962b42cbd126522b7df5f95037679#uv",
      "source": "devbox-search",
      "version": "0.12.17",
      "systems": {
        "aarch64-darwin": {
          "outputs": [
            {
              "name": "out",
              "path": "/nix/store/956crlqxr9shs82arpb2ffsil0xln44y-uv-0.12.17",
              "default": true
            }
          ],
          "store_path": "/nix/store/956crlqxr9shs82arpb2ffsil0xln44y-uv-0.12.17"
        },
        "aarch64-linux": {
          "outputs": [
            {
              "name": "out",
              "path": "/nix/store/64q43jd62h1h6zcdh4ly2yk8vrlyjm4s-uv-0.12.17",
              "default": true
            }
          ],
          "store_path": "/nix/store/64q43jd62h1h6zcdh4ly2yk8vrlyjm4s-uv-0.12.17"
        },
        "x86_64-linux": {
          "outputs": [
            {
              "name": "out",
              "path": "/nix/store/wqpy2j3r0hjlmjyvq0wpd08rm5zn722y-uv-0.12.17",
              "default": true
            }
          ],
          "store_path": "/nix/store/wqpy2j3r0hjlmjyvq0wpd08rm5zn722y-uv-0.12.17"
        }
      }
    },
    "wget@latest": {
      "last_modified": "2026-10-02T22:55:44Z",
      "resolved": "github:NixOS/nixpkgs/55ba7f49ef2962b42cbd126522b7df5f95037679#wget",
      "source": "devbox-search",
      "version": "1.25.0",
      "systems": {
        "aarch64-darwin": {
          "outputs": [
            {
              "name": "out",
              "path": "/nix/store/ks7mz4s51w31fv6x9ndlyh0w3pgsq7ba-wget-1.25.0",
              "default": true
            },
            {
              "name": "man",
              "path": "/nix/store/fxbid95rkjn0sivm5srqy0ifry1xfqv3-wget-1.25.0-man",
              "default": true
            },
            {
              "name": "info",
              "path": "/nix/store/vdcv23halw9ddycqp3na1k8fkjc813v9-wget-1.25.0-info"
            }
          ],
          "store_path": "/nix/store/ks7mz4s51w31fv6x9ndlyh0w3pgsq7ba-wget-1.25.0"
        },
        "aarch64-linux": {
          "outputs": [
            {
              "name": "out",
              "path": "/nix/store/azapmkm2dp9wqimldrddi3znvy5qsnl7-wget-1.25.0",
              "default": true
            },
            {
              "name": "man",
              "path": "/nix/store/m5k94nnhibfkj02652i07d7cd8dh664g-wget-1.25.0-man",
              "default": true
            },
            {
              "name": "info",
              "path": "/nix/store/9734v4nw7akspsvbwh3nm4bhbdnh19ky-wget-1.25.0-info"
            }
          ],
          "store_path": "/nix/store/azapmkm2dp9wqimldrddi3znvy5qsnl7-wget-1.25.0"
        },
        "x86_64-darwin": {
          "outputs": [
            {
              "name": "out",
              "path": "/nix/store/sqd79qyvxfsyr4f6d9b5c9vl1g5s6h4l-wget-1.25.0",
              "default": true
            },
            {
              "name": "man",
              "path": "/nix/store/s8m94za3jg8094h85nbpzngf9hn3gqsn-wget-1.25.0-man",
              "default": true
            },
            {
              "name": "info",
              "path": "/nix/store/w8ikfqx2ng50p52ragqgppri8ssc8yk6-wget-1.25.0-info"
            }
          ],
          "store_path": "/nix/store/sqd79qyvxfsyr4f6d9b5c9vl1g5s6h4l-wget-1.25.0"
        },
        "x86_64-linux": {
          "outputs": [
            {
              "name": "out",
              "path": "/nix/store/l60xx259knfbgfr7wzwsw7zg9ajmv3sn-wget-1.25.0",
              "default": true
            },
            {
              "name": "man",
              "path": "/nix/store/myq293bzp0n95fyp3ff0fc65cxbmzlq7-wget-1.25.0-man",
              "default": true
            },
            {
              "name": "info",
              "path": "/nix/store/cmggm42w5wjp1j8ckllcgd3r19k37w3s-wget-1.25.0-info"
            }
          ],
          "store_path": "/nix/store/l60xx259knfbgfr7wzwsw7zg9ajmv3sn-wget-1.25.0"
        }
      }
    }
  }
}
