{
  "lockfile_version": "1",
  "packages": {
    "curl@latest": {
      "last_modified": "2025-12-05T15:03:55Z",
      "resolved": "github:NixOS/nixpkgs/a672be65651c80d3f592a89b3945466584a22069#curl",
      "source": "devbox-search",
      "version": "8.17.0",
      "systems": {
        "aarch64-darwin": {
          "outputs": [
            {
              "name": "bin",
              "path": "/nix/store/qfwqcndy8bji6xww0gizclf2nqi2qpph-curl-8.17.0-bin",
              "default": true
            },
            {
              "name": "man",
              "path": "/nix/store/rk815zvrhwzbi7c6d589v2mhxzyzb400-curl-8.17.0-man",
              "default": true
            },
            {
              "name": "dev",
              "path": "/nix/store/ydp55g2mbd6rk6lfw0krkk3jwgdiqj5d-curl-8.17.0-dev"
            },
            {
              "name": "devdoc",
              "path": "/nix/store/8s884m82fmrbiyz8malglqc4sd632dkc-curl-8.17.0-devdoc"
            },
            {
              "name": "out",
              "path": "/nix/store/yxv8fxaz0fyhc31dv3rz89kc50zw5hgj-curl-8.17.0"
            }
          ],
          "store_path": "/nix/store/qfwqcndy8bji6xww0gizclf2nqi2qpph-curl-8.17.0-bin"
        },
        "aarch64-linux": {
          "outputs": [
            {
              "name": "bin",
              "path": "/nix/store/4x19j6zihdl6pya63xs8g360f2r614sx-curl-8.17.0-bin",
              "default": true
            },
            {
              "name": "man",
              "path": "/nix/store/b29qbmbfvzkm34k0jnj8ykqg2gzj3rdy-curl-8.17.0-man",
              "default": true
            },
            {
              "name": "debug",
              "path": "/nix/store/5hmbdk99knmbg8b0fzh96bv6bkcf6v5i-curl-8.17.0-debug"
            },
            {
              "name": "dev",
              "path": "/nix/store/iqs9mjscns3h5npgkrhgr5xa7qzwd0si-curl-8.17.0-dev"
            },
            {
              "name": "devdoc",
              "path": "/nix/store/1fwncv08c8g78k3hj3cj375vx92ndrp8-curl-8.17.0-devdoc"
            },
            {
              "name": "out",
              "path": "/nix/store/b0a6qc92vybjiggh0kg387cg0zp3kl6j-curl-8.17.0"
            }
          ],
          "store_path": "/nix/store/4x19j6zihdl6pya63xs8g360f2r614sx-curl-8.17.0-bin"
        },
        "x86_64-darwin": {
          "outputs": [
            {
              "name": "bin",
              "path": "/nix/store/w2336wv560g1n58cwashmmczdn3bfkq1-curl-8.17.0-bin",
              "default": true
            },
            {
              "name": "man",
              "path": "/nix/store/i6xmhcan8g4abda7ivv20nvwxrsssjqj-curl-8.17.0-man",
              "default": true
            },
            {
              "name": "devdoc",
              "path": "/nix/store/ipa7v9z7pjcnnv0fmdya1fldcxv0a28z-curl-8.17.0-devdoc"
            },
            {
              "name": "out",
              "path": "/nix/store/x9gyg634fi8mgcyay9mqa1ral7xg72fm-curl-8.17.0"
            },
            {
              "name": "dev",
              "path": "/nix/store/39zfdgq9kg3mb4sycf8pj4pdssrzki6c-curl-8.17.0-dev"
            }
          ],
          "store_path": "/nix/store/w2336wv560g1n58cwashmmczdn3bfkq1-curl-8.17.0-bin"
        },
        "x86_64-linux": {
          "outputs": [
            {
              "name": "bin",
              "path": "/nix/store/0rfz69vp1nl0q2hxzig20hc60sk72z62-curl-8.17.0-bin",
              "default": true
            },
            {
              "name": "man",
              "path": "/nix/store/ijd0yybyzwm98d3q6x7a9cyixgxk0i5d-curl-8.17.0-man",
              "default": true
            },
            {
              "name": "debug",
              "path": "/nix/store/h1fxw0xrifxvbhcp7b8hxsgirxxxfzav-curl-8.17.0-debug"
            },
            {
              "name": "dev",
              "path": "/nix/store/ikmdk37frjdblkba3wl3xws2wwgln17x-curl-8.17.0-dev"
            },
            {
              "name": "devdoc",
              "path": "/nix/store/jm6irg81cc0hqg43l39lkxr6pb0w2xk5-curl-8.17.0-devdoc"
            },
            {
              "name": "out",
              "path": "/nix/store/8idis3j5l13c3x74jl8xly0k4qyk9mx6-curl-8.17.0"
            }
          ],
          "store_path": "/nix/store/0rfz69vp1nl0q2hxzig20hc60sk72z62-curl-8.17.0-bin"
        }
      }
    },
    "gh@latest": {
      "last_modified": "2026-06-22T09:00:13Z",
      "resolved": "github:NixOS/nixpkgs/b3c092d3c36d91e2f61f3dfb39a159f180a56659#gh",
      "source": "devbox-search",
      "version": "2.95.0",
      "systems": {
        "aarch64-darwin": {
          "outputs": [
            {
              "name": "out",
              "path": "/nix/store/caf7iv1ab7hj6qaqrhp93crfv99843i7-gh-2.95.0",
              "default": true
            }
          ],
          "store_path": "/nix/store/caf7iv1ab7hj6qaqrhp93crfv99843i7-gh-2.95.0"
        },
        "aarch64-linux": {
          "outputs": [
            {
              "name": "out",
              "path": "/nix/store/wq54s5hlnigpq6iayd9g3463z5gsahal-gh-2.95.0",
              "default": true
            }
          ],
          "store_path": "/nix/store/wq54s5hlnigpq6iayd9g3463z5gsahal-gh-2.95.0"
        },
        "x86_64-darwin": {
          "outputs": [
            {
              "name": "out",
              "path": "/nix/store/zpnrc7napyn3zaygkpghrv8nxjlbs29h-gh-2.95.0",
              "default": true
            }
          ],
          "store_path": "/nix/store/zpnrc7napyn3zaygkpghrv8nxjlbs29h-gh-2.95.0"
        },
        "x86_64-linux": {
          "outputs": [
            {
              "name": "out",
              "path": "/nix/store/8ffjsm5lvpp7gmj8j2c93hzca4i7xz74-gh-2.95.0",
              "default": true
            }
          ],
          "store_path": "/nix/store/8ffjsm5lvpp7gmj8j2c93hzca4i7xz74-gh-2.95.0"
        }
      }
    },
    "git@latest": {
      "last_modified": "2026-06-23T00:43:55Z",
      "resolved": "github:NixOS/nixpkgs/89570f24e97e614aa34aa9ab1c927b6578a43775#git",
      "source": "devbox-search",
      "version": "2.54.0",
      "systems": {
        "aarch64-darwin": {
          "outputs": [
            {
              "name": "out",
              "path": "/nix/store/a14yxcqvv9x2l9mllgpirzhvz93pgprg-git-2.54.0",
              "default": true
            },
            {
              "name": "doc",
              "path": "/nix/store/zn8gmbxxf5398hxg6y6nk5jimj85qj69-git-2.54.0-doc"
            }
          ],
          "store_path": "/nix/store/a14yxcqvv9x2l9mllgpirzhvz93pgprg-git-2.54.0"
        },
        "aarch64-linux": {
          "outputs": [
            {
              "name": "out",
              "path": "/nix/store/ixp98f9avf8ikpdrmp40cj33g0dazyp9-git-2.54.0",
              "default": true
            },
            {
              "name": "doc",
              "path": "/nix/store/klwr4n2snj7ldlpkhwarwlif80myx0vj-git-2.54.0-doc"
            },
            {
              "name": "debug",
              "path": "/nix/store/c7mafmqf28l7898rpbqqkd0p3m42hc03-git-2.54.0-debug"
            }
          ],
          "store_path": "/nix/store/ixp98f9avf8ikpdrmp40cj33g0dazyp9-git-2.54.0"
        },
        "x86_64-darwin": {
          "outputs": [
            {
              "name": "out",
              "path": "/nix/store/s9lsrlgwr3sabw9a2dl3laykas0ijk85-git-2.54.0",
              "default": true
            },
            {
              "name": "doc",
              "path": "/nix/store/agyxy5ay4x06b52mj24rz44fc82328ha-git-2.54.0-doc"
            }
          ],
          "store_path": "/nix/store/s9lsrlgwr3sabw9a2dl3laykas0ijk85-git-2.54.0"
        },
        "x86_64-linux": {
          "outputs": [
            {
              "name": "out",
              "path": "/nix/store/bcnisk3ydfgv26v2gw3zlky24g00yww2-git-2.54.0",
              "default": true
            },
            {
              "name": "doc",
              "path": "/nix/store/l444690y78nfdwyzm6mghagl7xa97myf-git-2.54.0-doc"
            },
            {
              "name": "debug",
              "path": "/nix/store/72fyakk8w8idjbksk0h8jbkq6sgvcm85-git-2.54.0-debug"
            }
          ],
          "store_path": "/nix/store/bcnisk3ydfgv26v2gw3zlky24g00yww2-git-2.54.0"
        }
      }
    },
    "github:NixOS/nixpkgs/nixpkgs-unstable": {
      "last_modified": "2026-06-23T00:43:55Z",
      "resolved": "github:NixOS/nixpkgs/89570f24e97e614aa34aa9ab1c927b6578a43775?lastModified=1782175435&narHash=sha256-EMzXKmnOtBQ2MnvpiNOm7E%2BkOMvdPrIKaeg52Tip2Uk%3D"
    },
    "gitleaks@latest": {
      "last_modified": "2026-06-05T19:07:58Z",
      "resolved": "github:NixOS/nixpkgs/891eaa77f0eed53352194677991bd30978f9b0ad#gitleaks",
      "source": "devbox-search",
      "version": "8.30.1",
      "systems": {
        "aarch64-darwin": {
          "outputs": [
            {
              "name": "out",
              "path": "/nix/store/4jghq542qi5fh31ri84ar4ly1nsf41xg-gitleaks-8.30.1",
              "default": true
            }
          ],
          "store_path": "/nix/store/4jghq542qi5fh31ri84ar4ly1nsf41xg-gitleaks-8.30.1"
        },
        "aarch64-linux": {
          "outputs": [
            {
              "name": "out",
              "path": "/nix/store/yqwhvmpm358n25f6b0dw2pkar7c2vr9p-gitleaks-8.30.1",
              "default": true
            }
          ],
          "store_path": "/nix/store/yqwhvmpm358n25f6b0dw2pkar7c2vr9p-gitleaks-8.30.1"
        },
        "x86_64-darwin": {
          "outputs": [
            {
              "name": "out",
              "path": "/nix/store/5b9l1mffmal15szv09033x5spvvraswg-gitleaks-8.30.1",
              "default": true
            }
          ],
          "store_path": "/nix/store/5b9l1mffmal15szv09033x5spvvraswg-gitleaks-8.30.1"
        },
        "x86_64-linux": {
          "outputs": [
            {
              "name": "out",
              "path": "/nix/store/l835chkf2y38sbf3sbf4fybmg8r2pcr1-gitleaks-8.30.1",
              "default": true
            }
          ],
          "store_path": "/nix/store/l835chkf2y38sbf3sbf4fybmg8r2pcr1-gitleaks-8.30.1"
        }
      }
    },
    "goose-cli@latest": {
      "last_modified": "2026-06-12T02:02:01Z",
      "resolved": "github:NixOS/nixpkgs/173d0ad7a974f8543a9ab01d2271b2e290341b33#goose-cli",
      "source": "devbox-search",
      "version": "1.28.0",
      "systems": {
        "aarch64-darwin": {
          "outputs": [
            {
              "name": "out",
              "path": "/nix/store/bvh43kshsrmyp0cz8kq0zgga1bhgbvlj-goose-cli-1.28.0",
              "default": true
            }
          ],
          "store_path": "/nix/store/bvh43kshsrmyp0cz8kq0zgga1bhgbvlj-goose-cli-1.28.0"
        },
        "aarch64-linux": {
          "outputs": [
            {
              "name": "out",
              "path": "/nix/store/z1rsjwq24b8kz7vgn1z6n75dcbrb42p5-goose-cli-1.28.0",
              "default": true
            }
          ],
          "store_path": "/nix/store/z1rsjwq24b8kz7vgn1z6n75dcbrb42p5-goose-cli-1.28.0"
        },
        "x86_64-darwin": {
          "outputs": [
            {
              "name": "out",
              "path": "/nix/store/mvya0skidh3jhzi3wmfxrvzlc0c7yh7c-goose-cli-1.28.0",
              "default": true
            }
          ],
          "store_path": "/nix/store/mvya0skidh3jhzi3wmfxrvzlc0c7yh7c-goose-cli-1.28.0"
        },
        "x86_64-linux": {
          "outputs": [
            {
              "name": "out",
              "path": "/nix/store/sfmm02jgbqrk296njd6pbh9lza4ydx06-goose-cli-1.28.0",
              "default": true
            }
          ],
          "store_path": "/nix/store/sfmm02jgbqrk296njd6pbh9lza4ydx06-goose-cli-1.28.0"
        }
      }
    },
    "jq@latest": {
      "last_modified": "2026-06-22T09:00:13Z",
      "resolved": "github:NixOS/nixpkgs/b3c092d3c36d91e2f61f3dfb39a159f180a56659#jq",
      "source": "devbox-search",
      "version": "1.8.1",
      "systems": {
        "aarch64-darwin": {
          "outputs": [
            {
              "name": "bin",
              "path": "/nix/store/d551vj6hjc2bqiyg8dim6lv1v1xw7841-jq-1.8.1-bin",
              "default": true
            },
            {
              "name": "man",
              "path": "/nix/store/cyykpwx7q87ryqyhkz4slm163300rzjh-jq-1.8.1-man",
              "default": true
            },
            {
              "name": "out",
              "path": "/nix/store/yj3m8xi9h48mz4i7732zcwbqbb8bl402-jq-1.8.1"
            },
            {
              "name": "dev",
              "path": "/nix/store/dy2cgp8adlm5gl3hkpykcgccv4dlhawb-jq-1.8.1-dev"
            },
            {
              "name": "doc",
              "path": "/nix/store/afjz34n0jz7a0zjjp6qkvnxqph53ifbw-jq-1.8.1-doc"
            }
          ],
          "store_path": "/nix/store/d551vj6hjc2bqiyg8dim6lv1v1xw7841-jq-1.8.1-bin"
        },
        "aarch64-linux": {
          "outputs": [
            {
              "name": "bin",
              "path": "/nix/store/d6mx57dmjq61j69ap45f6fm3jb0lslyc-jq-1.8.1-bin",
              "default": true
            },
            {
              "name": "man",
              "path": "/nix/store/bnwzc47h7zhc3zwkjmy4br8jd2ki9pyj-jq-1.8.1-man",
              "default": true
            },
            {
              "name": "out",
              "path": "/nix/store/6y9n87w9lsk3x0fscm6kfirk3ssc0syr-jq-1.8.1"
            },
            {
              "name": "dev",
              "path": "/nix/store/qv69wdjr2zd2w6yg5n8lxfn6c8mg4bwf-jq-1.8.1-dev"
            },
            {
              "name": "doc",
              "path": "/nix/store/fway55wsvvly58sz7zn7vlq68v0q1ig3-jq-1.8.1-doc"
            }
          ],
          "store_path": "/nix/store/d6mx57dmjq61j69ap45f6fm3jb0lslyc-jq-1.8.1-bin"
        },
        "x86_64-darwin": {
          "outputs": [
            {
              "name": "bin",
              "path": "/nix/store/pnm2frw3jwfrlycf730z5bfgixiyjal4-jq-1.8.1-bin",
              "default": true
            },
            {
              "name": "man",
              "path": "/nix/store/0yyamki3lhy0rp6vn45mn6cdhqb2c64a-jq-1.8.1-man",
              "default": true
            },
            {
              "name": "dev",
              "path": "/nix/store/hg1vhcfr1lwv39vn84cijdn187jmcfnj-jq-1.8.1-dev"
            },
            {
              "name": "doc",
              "path": "/nix/store/mzarfihn2c84s6qw7zp0rbbj7hb09dv2-jq-1.8.1-doc"
            },
            {
              "name": "out",
              "path": "/nix/store/8c9m07iqwczlfzx1sk0c5g2a9nnzvhc3-jq-1.8.1"
            }
          ],
          "store_path": "/nix/store/pnm2frw3jwfrlycf730z5bfgixiyjal4-jq-1.8.1-bin"
        },
        "x86_64-linux": {
          "outputs": [
            {
              "name": "bin",
              "path": "/nix/store/s04d6wm3kqjdgr7zdhlk214f6a2291ks-jq-1.8.1-bin",
              "default": true
            },
            {
              "name": "man",
              "path": "/nix/store/ncw52xsl5hgplh8csybbp9fli64iw1aq-jq-1.8.1-man",
              "default": true
            },
            {
              "name": "out",
              "path": "/nix/store/7a1hndk12kz9wwh9sz8hzkkwgxq6rrnk-jq-1.8.1"
            },
            {
              "name": "dev",
              "path": "/nix/store/fmsvbcz2s85pmszdvwp4mhlamiv5lnzg-jq-1.8.1-dev"
            },
            {
              "name": "doc",
              "path": "/nix/store/hhh2h4x4rhh6qbqa6620bvhz652cgw4m-jq-1.8.1-doc"
            }
          ],
          "store_path": "/nix/store/s04d6wm3kqjdgr7zdhlk214f6a2291ks-jq-1.8.1-bin"
        }
      }
    },
    "kubectl@latest": {
      "last_modified": "2026-06-22T09:00:13Z",
      "resolved": "github:NixOS/nixpkgs/b3c092d3c36d91e2f61f3dfb39a159f180a56659#kubectl",
      "source": "devbox-search",
      "version": "1.36.2",
      "systems": {
        "aarch64-darwin": {
          "outputs": [
            {
              "name": "out",
              "path": "/nix/store/1cxmcb2w5f9kbkj3wwqwffdc9b465f9d-kubectl-1.36.2",
              "default": true
            },
            {
              "name": "man",
              "path": "/nix/store/v294pmbzdql9pcaxy4jmfyxwbgj6hadh-kubectl-1.36.2-man",
              "default": true
            },
            {
              "name": "convert",
              "path": "/nix/store/f5czf8hdsgsa7vamshmb9ra51kjl4l2k-kubectl-1.36.2-convert"
            }
          ],
          "store_path": "/nix/store/1cxmcb2w5f9kbkj3wwqwffdc9b465f9d-kubectl-1.36.2"
        },
        "aarch64-linux": {
          "outputs": [
            {
              "name": "out",
              "path": "/nix/store/5i3ff29j39zv6q35v9qsyg3sprkh98pz-kubectl-1.36.2",
              "default": true
            },
            {
              "name": "man",
              "path": "/nix/store/80cjy804kardx5nyz473627xrrmxdls1-kubectl-1.36.2-man",
              "default": true
            },
            {
              "name": "convert",
              "path": "/nix/store/21lk66bwp5196ykj9wznrbzjxa0y4f2p-kubectl-1.36.2-convert"
            }
          ],
          "store_path": "/nix/store/5i3ff29j39zv6q35v9qsyg3sprkh98pz-kubectl-1.36.2"
        },
        "x86_64-darwin": {
          "outputs": [
            {
              "name": "out",
              "path": "/nix/store/005n0l430bxscjczsghibqddi6qxa708-kubectl-1.36.2",
              "default": true
            },
            {
              "name": "man",
              "path": "/nix/store/alf534psrhjkhlcrd8aba2l1z0ss62lp-kubectl-1.36.2-man",
              "default": true
            },
            {
              "name": "convert",
              "path": "/nix/store/qdpghfw2zqg7yhhpbrc5jgxkxr0flrgd-kubectl-1.36.2-convert"
            }
          ],
          "store_path": "/nix/store/005n0l430bxscjczsghibqddi6qxa708-kubectl-1.36.2"
        },
        "x86_64-linux": {
          "outputs": [
            {
              "name": "out",
              "path": "/nix/store/bhc1p77g2kpmm82s17i68573krh20h6c-kubectl-1.36.2",
              "default": true
            },
            {
              "name": "man",
              "path": "/nix/store/h71pvs4878i8fc191rl5hgqlph2csczc-kubectl-1.36.2-man",
              "default": true
            },
            {
              "name": "convert",
              "path": "/nix/store/jsca2ld5cdk69z21ry6zqiip4whpxrz1-kubectl-1.36.2-convert"
            }
          ],
          "store_path": "/nix/store/bhc1p77g2kpmm82s17i68573krh20h6c-kubectl-1.36.2"
        }
      }
    },
    "opencode@latest": {
      "last_modified": "2026-06-23T00:43:55Z",
      "resolved": "github:NixOS/nixpkgs/89570f24e97e614aa34aa9ab1c927b6578a43775#opencode",
      "source": "devbox-search",
      "version": "1.17.9",
      "systems": {
        "aarch64-darwin": {
          "outputs": [
            {
              "name": "out",
              "path": "/nix/store/gvl67fvpbyzmy1g1sp1vy328li6ks4hj-opencode-1.17.9",
              "default": true
            }
          ],
          "store_path": "/nix/store/gvl67fvpbyzmy1g1sp1vy328li6ks4hj-opencode-1.17.9"
        },
        "aarch64-linux": {
          "outputs": [
            {
              "name": "out",
              "path": "/nix/store/zy16cnnhvm7w65gvd11z0asnp68s3ich-opencode-1.17.9",
              "default": true
            }
          ],
          "store_path": "/nix/store/zy16cnnhvm7w65gvd11z0asnp68s3ich-opencode-1.17.9"
        },
        "x86_64-linux": {
          "outputs": [
            {
              "name": "out",
              "path": "/nix/store/crdzinl9bxqka6ppxnwpsijdnb5zrl3j-opencode-1.17.9",
              "default": true
            }
          ],
          "store_path": "/nix/store/crdzinl9bxqka6ppxnwpsijdnb5zrl3j-opencode-1.17.9"
        }
      }
    },
    "python@3.11": {
      "last_modified": "2026-05-21T08:15:18Z",
      "plugin_version": "0.0.5",
      "resolved": "github:NixOS/nixpkgs/4a29d733e8a7d5b824c3d8c958a946a9867b3eb2#python311",
      "source": "devbox-search",
      "version": "3.11.15",
      "systems": {
        "aarch64-darwin": {
          "outputs": [
            {
              "name": "out",
              "path": "/nix/store/3rnwb06acrgdggxkgpm7fnklbxqs5mw6-python3-3.11.15",
              "default": true
            }
          ],
          "store_path": "/nix/store/3rnwb06acrgdggxkgpm7fnklbxqs5mw6-python3-3.11.15"
        },
        "aarch64-linux": {
          "outputs": [
            {
              "name": "out",
              "path": "/nix/store/ap1lv6903hg9lhaixb3vyqxk0ix99vm1-python3-3.11.15",
              "default": true
            },
            {
              "name": "debug",
              "path": "/nix/store/vkj2zgalz9hafbqkspgisi6ax1iijcn5-python3-3.11.15-debug"
            }
          ],
          "store_path": "/nix/store/ap1lv6903hg9lhaixb3vyqxk0ix99vm1-python3-3.11.15"
        },
        "x86_64-darwin": {
          "outputs": [
            {
              "name": "out",
              "path": "/nix/store/rkf8x15x8la8xij5zr6wkwm9fvx1c8xz-python3-3.11.15",
              "default": true
            }
          ],
          "store_path": "/nix/store/rkf8x15x8la8xij5zr6wkwm9fvx1c8xz-python3-3.11.15"
        },
        "x86_64-linux": {
          "outputs": [
            {
              "name": "out",
              "path": "/nix/store/c6yb989sl77467xxwhylnkph1pqyi47p-python3-3.11.15",
              "default": true
            },
            {
              "name": "debug",
              "path": "/nix/store/yrllyw58ssiwap5bb50jxc8pk9kqh68v-python3-3.11.15-debug"
            }
          ],
          "store_path": "/nix/store/c6yb989sl77467xxwhylnkph1pqyi47p-python3-3.11.15"
        }
      }
    },
    "ripgrep@latest": {
      "last_modified": "2026-06-13T05:27:44Z",
      "resolved": "github:NixOS/nixpkgs/5a722a7155bfc9fbe657f28d26b71860d95324bc#ripgrep",
      "source": "devbox-search",
      "version": "15.1.0",
      "systems": {
        "aarch64-darwin": {
          "outputs": [
            {
              "name": "out",
              "path": "/nix/store/1ghai27rqjsa3avyz895yv2hskpslz5d-ripgrep-15.1.0",
              "default": true
            }
          ],
          "store_path": "/nix/store/1ghai27rqjsa3avyz895yv2hskpslz5d-ripgrep-15.1.0"
        },
        "aarch64-linux": {
          "outputs": [
            {
              "name": "out",
              "path": "/nix/store/q8diaci9n2w99wa4c5vvh599a1bqckr1-ripgrep-15.1.0",
              "default": true
            }
          ],
          "store_path": "/nix/store/q8diaci9n2w99wa4c5vvh599a1bqckr1-ripgrep-15.1.0"
        },
        "x86_64-darwin": {
          "outputs": [
            {
              "name": "out",
              "path": "/nix/store/awcw6xygd9qb53glxyrf58yc4vx0aq6s-ripgrep-15.1.0",
              "default": true
            }
          ],
          "store_path": "/nix/store/awcw6xygd9qb53glxyrf58yc4vx0aq6s-ripgrep-15.1.0"
        },
        "x86_64-linux": {
          "outputs": [
            {
              "name": "out",
              "path": "/nix/store/gxcm97c2a4sdnnabigp8mns7y1g5llnd-ripgrep-15.1.0",
              "default": true
            }
          ],
          "store_path": "/nix/store/gxcm97c2a4sdnnabigp8mns7y1g5llnd-ripgrep-15.1.0"
        }
      }
    },
    "uv@latest": {
      "last_modified": "2026-06-22T09:00:13Z",
      "resolved": "github:NixOS/nixpkgs/b3c092d3c36d91e2f61f3dfb39a159f180a56659#uv",
      "source": "devbox-search",
      "version": "0.11.22",
      "systems": {
        "aarch64-darwin": {
          "outputs": [
            {
              "name": "out",
              "path": "/nix/store/3i7kd95ypdvg7s74kkbysc2z8yq58ddx-uv-0.11.22",
              "default": true
            }
          ],
          "store_path": "/nix/store/3i7kd95ypdvg7s74kkbysc2z8yq58ddx-uv-0.11.22"
        },
        "aarch64-linux": {
          "outputs": [
            {
              "name": "out",
              "path": "/nix/store/bfxb26ci3imgy0b261yv1089qz8xmd5r-uv-0.11.22",
              "default": true
            }
          ],
          "store_path": "/nix/store/bfxb26ci3imgy0b261yv1089qz8xmd5r-uv-0.11.22"
        },
        "x86_64-darwin": {
          "outputs": [
            {
              "name": "out",
              "path": "/nix/store/qbdcag5iv39sx27h9mac5b9paqwpyw02-uv-0.11.22",
              "default": true
            }
          ],
          "store_path": "/nix/store/qbdcag5iv39sx27h9mac5b9paqwpyw02-uv-0.11.22"
        },
        "x86_64-linux": {
          "outputs": [
            {
              "name": "out",
              "path": "/nix/store/v7w8z60xdlnxlj5kagyczyn6j57xdd8r-uv-0.11.22",
              "default": true
            }
          ],
          "store_path": "/nix/store/v7w8z60xdlnxlj5kagyczyn6j57xdd8r-uv-0.11.22"
        }
      }
    },
    "wget@latest": {
      "last_modified": "2026-05-21T08:15:18Z",
      "resolved": "github:NixOS/nixpkgs/4a29d733e8a7d5b824c3d8c958a946a9867b3eb2#wget",
      "source": "devbox-search",
      "version": "1.25.0",
      "systems": {
        "aarch64-darwin": {
          "outputs": [
            {
              "name": "out",
              "path": "/nix/store/c882hsiwa4sk88qkk4611475l9xld59v-wget-1.25.0",
              "default": true
            },
            {
              "name": "man",
              "path": "/nix/store/78z4xbzcwph2h8z2grfvazscrbg5iyw8-wget-1.25.0-man",
              "default": true
            },
            {
              "name": "info",
              "path": "/nix/store/v6z69v9middl7iqr5qqvg8rajwhcsaba-wget-1.25.0-info"
            }
          ],
          "store_path": "/nix/store/c882hsiwa4sk88qkk4611475l9xld59v-wget-1.25.0"
        },
        "aarch64-linux": {
          "outputs": [
            {
              "name": "out",
              "path": "/nix/store/qv7izaps6l9r1prxf0pfd9l39cc8i1yz-wget-1.25.0",
              "default": true
            },
            {
              "name": "man",
              "path": "/nix/store/f8waylb33xaghb6h30vbi9kjjqcnyfy1-wget-1.25.0-man",
              "default": true
            },
            {
              "name": "info",
              "path": "/nix/store/gqzjs4h3vmcl3snsrd7claqpkpj0cy53-wget-1.25.0-info"
            }
          ],
          "store_path": "/nix/store/qv7izaps6l9r1prxf0pfd9l39cc8i1yz-wget-1.25.0"
        },
        "x86_64-darwin": {
          "outputs": [
            {
              "name": "out",
              "path": "/nix/store/p95fw3vibwm51fkkn6wc9hgydngln3hj-wget-1.25.0",
              "default": true
            },
            {
              "name": "man",
              "path": "/nix/store/wv5pj8i86a9ynsxncckg0rn64y2my2in-wget-1.25.0-man",
              "default": true
            },
            {
              "name": "info",
              "path": "/nix/store/w7rz1m2g199r11syycz7cl5zgy84jxgh-wget-1.25.0-info"
            }
          ],
          "store_path": "/nix/store/p95fw3vibwm51fkkn6wc9hgydngln3hj-wget-1.25.0"
        },
        "x86_64-linux": {
          "outputs": [
            {
              "name": "out",
              "path": "/nix/store/j9izhj1pb3k07wdw2q2c1z7pw2xkrz69-wget-1.25.0",
              "default": true
            },
            {
              "name": "man",
              "path": "/nix/store/7l88zrsas43dlxx460xvs84jvkdni2yh-wget-1.25.0-man",
              "default": true
            },
            {
              "name": "info",
              "path": "/nix/store/76xvwigsd25lrfpljip4dnsm2d5dfd6n-wget-1.25.0-info"
            }
          ],
          "store_path": "/nix/store/j9izhj1pb3k07wdw2q2c1z7pw2xkrz69-wget-1.25.0"
        }
      }
    }
  }
}
